// !$*UTF8*$!
{
	archiveVersion = 1;
	classes = {
	};
	objectVersion = 77;
	objects = {

/* Begin PBXBuildFile section */
		088F6AA02FCAA8A600E14BA2 /* DUDesignSystem in Frameworks */ = {isa = PBXBuildFile; productRef = 088F6A9F2FCAA8A600E14BA2 /* DUDesignSystem */; };
		283B980E2FAB24750033B924 /* GoogleMobileAds in Frameworks */ = {isa = PBXBuildFile; productRef = 283B980D2FAB24750033B924 /* GoogleMobileAds */; };
		283B9A432FAB36020033B924 /* GoogleMobileAds in Frameworks */ = {isa = PBXBuildFile; productRef = 283B9A422FAB36020033B924 /* GoogleMobileAds */; };
		28AC32C92FDEB29600D0126E /* DUDesignSystem in Frameworks */ = {isa = PBXBuildFile; productRef = 28AC32C82FDEB29600D0126E /* DUDesignSystem */; };
		28AC32CB2FDEB2A600D0126E /* DUDesignSystem in Frameworks */ = {isa = PBXBuildFile; productRef = 28AC32CA2FDEB2A600D0126E /* DUDesignSystem */; };
		28F3C5072FB37EDA0077B77A /* KakaoSDKShare in Frameworks */ = {isa = PBXBuildFile; productRef = 28F3C5062FB37EDA0077B77A /* KakaoSDKShare */; };
		28F3C7C32FB73B6E0077B77A /* KakaoSDK in Frameworks */ = {isa = PBXBuildFile; productRef = 28F3C7C22FB73B6E0077B77A /* KakaoSDK */; };
		28F3C7C52FB73B7B0077B77A /* KakaoSDKShare in Frameworks */ = {isa = PBXBuildFile; productRef = 28F3C7C42FB73B7B0077B77A /* KakaoSDKShare */; };
		28F3C7C72FB73B820077B77A /* KakaoSDK in Frameworks */ = {isa = PBXBuildFile; productRef = 28F3C7C62FB73B820077B77A /* KakaoSDK */; };
		28FB12B02F9B5EA8004FCBB3 /* FirebaseFirestore in Frameworks */ = {isa = PBXBuildFile; productRef = 28FB12AF2F9B5EA8004FCBB3 /* FirebaseFirestore */; };
		28FB12B22F9B5EB1004FCBB3 /* FirebaseFirestore in Frameworks */ = {isa = PBXBuildFile; productRef = 28FB12B12F9B5EB1004FCBB3 /* FirebaseFirestore */; };
		BC19336F2F8FC7110033A27E /* FirebaseAnalytics in Frameworks */ = {isa = PBXBuildFile; productRef = BC19336E2F8FC7110033A27E /* FirebaseAnalytics */; };
		BC1933712F8FC7110033A27E /* FirebaseCore in Frameworks */ = {isa = PBXBuildFile; productRef = BC1933702F8FC7110033A27E /* FirebaseCore */; };
		BC4C62982FE18C3C00570653 /* AppsFlyerLib in Frameworks */ = {isa = PBXBuildFile; productRef = BC4C62972FE18C3C00570653 /* AppsFlyerLib */; };
		BCC0EACE2F8FE90700D7A84A /* FirebaseAnalytics in Frameworks */ = {isa = PBXBuildFile; productRef = BCC0EACD2F8FE90700D7A84A /* FirebaseAnalytics */; };
		BCC0EAD02F8FE90D00D7A84A /* FirebaseCore in Frameworks */ = {isa = PBXBuildFile; productRef = BCC0EACF2F8FE90D00D7A84A /* FirebaseCore */; };
/* End PBXBuildFile section */

/* Begin PBXContainerItemProxy section */
		BCFC853D2F31FED800447A9A /* PBXContainerItemProxy */ = {
			isa = PBXContainerItemProxy;
			containerPortal = 08267F232F0D06BC005A0066 /* Project object */;
			proxyType = 1;
			remoteGlobalIDString = 08267F2A2F0D06BC005A0066;
			remoteInfo = SoloDeveloperTraining;
		};
/* End PBXContainerItemProxy section */

/* Begin PBXFileReference section */
		08267F2B2F0D06BC005A0066 /* SoloDeveloperTraining.app */ = {isa = PBXFileReference; explicitFileType = wrapper.application; includeInIndex = 0; path = SoloDeveloperTraining.app; sourceTree = BUILT_PRODUCTS_DIR; };
		088F6A8B2FCAA7E400E14BA2 /* DUDesignSystemExample.app */ = {isa = PBXFileReference; explicitFileType = wrapper.application; includeInIndex = 0; path = DUDesignSystemExample.app; sourceTree = BUILT_PRODUCTS_DIR; };
		2896AE422F100CD600D38732 /* SoloDeveloperTraining-Dev.app */ = {isa = PBXFileReference; explicitFileType = wrapper.application; includeInIndex = 0; path = "SoloDeveloperTraining-Dev.app"; sourceTree = BUILT_PRODUCTS_DIR; };
		B4C100012FCFE2A000000001 /* SoloDeveloperTraining/App/Config/Debug.xcconfig */ = {isa = PBXFileReference; lastKnownFileType = text.xcconfig; path = SoloDeveloperTraining/App/Config/Debug.xcconfig; sourceTree = "<group>"; };
		B4C100022FCFE2A000000001 /* SoloDeveloperTraining/App/Config/Release.xcconfig */ = {isa = PBXFileReference; lastKnownFileType = text.xcconfig; path = SoloDeveloperTraining/App/Config/Release.xcconfig; sourceTree = "<group>"; };
		BCFC85392F31FED800447A9A /* SoloDeveloperTrainingTests.xctest */ = {isa = PBXFileReference; explicitFileType = wrapper.cfbundle; includeInIndex = 0; path = SoloDeveloperTrainingTests.xctest; sourceTree = BUILT_PRODUCTS_DIR; };
/* End PBXFileReference section */

/* Begin PBXFileSystemSynchronizedBuildFileExceptionSet section */
		28FB16632F9B6E3C004FCBB3 /* Exceptions for "SoloDeveloperTraining" folder in "SoloDeveloperTraining" target */ = {
			isa = PBXFileSystemSynchronizedBuildFileExceptionSet;
			membershipExceptions = (
				.firebaserc,
				App/Info.plist,
				Devlopment/CheatSystem/CheatManager.swift,
				Devlopment/Data/Repository/DefaultAdminBalanceRepository.swift,
				Devlopment/Data/Repository/MockScenarioRepository.swift,
				Devlopment/MockPolicyStore.swift,
				Devlopment/Presentation/AdminView.swift,
				Devlopment/Presentation/AdView.swift,
				Devlopment/Presentation/ContentView.swift,
				Devlopment/Presentation/DodgeGameTestView.swift,
				Devlopment/Presentation/LanguageGameTestView.swift,
				Devlopment/Presentation/MissionTestView.swift,
				Devlopment/Presentation/PolicyTestView.swift,
				Devlopment/Presentation/QuizGameTestContentView.swift,
				Devlopment/Presentation/QuizGameTestView.swift,
				Devlopment/Presentation/RebirthTestView.swift,
				Devlopment/Presentation/ScenarioTestView.swift,
				Devlopment/Presentation/ShopTestView.swift,
				Devlopment/Presentation/SkillTestView.swift,
				Devlopment/Presentation/StackGameScene.swift,
				Devlopment/Presentation/StackGameTestView.swift,
				Devlopment/Presentation/TabGameView.swift,
				firebase.json,
				"public/.well-known/apple-app-site-association",
				public/aceDeveloper/index.html,
				public/darkWebAgent/index.html,
				public/digitalNomad/index.html,
				public/geniusHacker/index.html,
				public/index.html,
				public/robots.txt,
				public/startupCEO/index.html,
				public/techInfluencer/index.html,
				public/thumbnails/ace_developer.png,
				public/thumbnails/dark_web_agent.png,
				public/thumbnails/default.png,
				public/thumbnails/digital_nomad.png,
				public/thumbnails/genius_hacker.png,
				public/thumbnails/startup_ceo.png,
				public/thumbnails/tech_influencer.png,
			);
			target = 08267F2A2F0D06BC005A0066 /* SoloDeveloperTraining */;
		};
		28FB16642F9B6E3C004FCBB3 /* Exceptions for "SoloDeveloperTraining" folder in "SoloDeveloperTraining-Dev" target */ = {
			isa = PBXFileSystemSynchronizedBuildFileExceptionSet;
			membershipExceptions = (
				.firebaserc,
				"App/Info-Dev.plist",
				App/Info.plist,
				firebase.json,
				Production/Analytics/AppsFlyerDelegate.swift,
				"Production/Error/PurchasingError+UserReadableError.swift",
				"Production/Error/SkillError+UserReadableError.swift",
				Production/Error/UserReadableError.swift,
				Production/Presentation/CharacterScene.swift,
				Production/Presentation/FeedbackSettingView.swift,
				Production/Presentation/Intro/IntroView.swift,
				Production/Presentation/Intro/NicknameSetupView.swift,
				Production/Presentation/Intro/TutorialPageView.swift,
				Production/Presentation/Intro/TutorialView.swift,
				Production/Presentation/MainView.swift,
				Production/Presentation/MissionView.swift,
				Production/Presentation/ShopView.swift,
				Production/Presentation/SkillView.swift,
				Production/Presentation/Work/Game/DodgeGameView.swift,
				Production/Presentation/Work/Game/EffectLabelData.swift,
				Production/Presentation/Work/Game/LanguageGameView.swift,
				Production/Presentation/Work/Game/MultiTouchView.swift,
				Production/Presentation/Work/Game/QuizGameView.swift,
				Production/Presentation/Work/Game/StackGameScene.swift,
				Production/Presentation/Work/Game/StackGameView.swift,
				Production/Presentation/Work/Game/TapGameView.swift,
				Production/Presentation/Work/WorkSelectedView.swift,
				"public/.well-known/apple-app-site-association",
				public/aceDeveloper/index.html,
				public/darkWebAgent/index.html,
				public/digitalNomad/index.html,
				public/geniusHacker/index.html,
				public/index.html,
				public/startupCEO/index.html,
				public/techInfluencer/index.html,
				public/thumbnails/ace_developer.png,
				public/thumbnails/dark_web_agent.png,
				public/thumbnails/default.png,
				public/thumbnails/digital_nomad.png,
				public/thumbnails/genius_hacker.png,
				public/thumbnails/startup_ceo.png,
				public/thumbnails/tech_influencer.png,
			);
			target = 2896AE3A2F100CD600D38732 /* SoloDeveloperTraining-Dev */;
		};
/* End PBXFileSystemSynchronizedBuildFileExceptionSet section */

/* Begin PBXFileSystemSynchronizedRootGroup section */
		088F6A8C2FCAA7E400E14BA2 /* DUDesignSystemExample */ = {
			isa = PBXFileSystemSynchronizedRootGroup;
			path = DUDesignSystemExample;
			sourceTree = "<group>";
		};
		28FB154B2F9B6E3B004FCBB3 /* SoloDeveloperTraining */ = {
			isa = PBXFileSystemSynchronizedRootGroup;
			exceptions = (
				28FB16632F9B6E3C004FCBB3 /* Exceptions for "SoloDeveloperTraining" folder in "SoloDeveloperTraining" target */,
				28FB16642F9B6E3C004FCBB3 /* Exceptions for "SoloDeveloperTraining" folder in "SoloDeveloperTraining-Dev" target */,
			);
			path = SoloDeveloperTraining;
			sourceTree = "<group>";
		};
		BCFC853A2F31FED800447A9A /* SoloDeveloperTrainingTests */ = {
			isa = PBXFileSystemSynchronizedRootGroup;
			path = SoloDeveloperTrainingTests;
			sourceTree = "<group>";
		};
/* End PBXFileSystemSynchronizedRootGroup section */

/* Begin PBXFrameworksBuildPhase section */
		08267F282F0D06BC005A0066 /* Frameworks */ = {
			isa = PBXFrameworksBuildPhase;
			buildActionMask = 2147483647;
			files = (
				283B980E2FAB24750033B924 /* GoogleMobileAds in Frameworks */,
				BC4C62982FE18C3C00570653 /* AppsFlyerLib in Frameworks */,
				BC1933712F8FC7110033A27E /* FirebaseCore in Frameworks */,
				28AC32C92FDEB29600D0126E /* DUDesignSystem in Frameworks */,
				BC19336F2F8FC7110033A27E /* FirebaseAnalytics in Frameworks */,
				28FB12B02F9B5EA8004FCBB3 /* FirebaseFirestore in Frameworks */,
				28F3C7C52FB73B7B0077B77A /* KakaoSDKShare in Frameworks */,
				28F3C7C72FB73B820077B77A /* KakaoSDK in Frameworks */,
			);
			runOnlyForDeploymentPostprocessing = 0;
		};
		088F6A882FCAA7E400E14BA2 /* Frameworks */ = {
			isa = PBXFrameworksBuildPhase;
			buildActionMask = 2147483647;
			files = (
				088F6AA02FCAA8A600E14BA2 /* DUDesignSystem in Frameworks */,
			);
			runOnlyForDeploymentPostprocessing = 0;
		};
		2896AE3C2F100CD600D38732 /* Frameworks */ = {
			isa = PBXFrameworksBuildPhase;
			buildActionMask = 2147483647;
			files = (
				283B9A432FAB36020033B924 /* GoogleMobileAds in Frameworks */,
				BCC0EAD02F8FE90D00D7A84A /* FirebaseCore in Frameworks */,
				28AC32CB2FDEB2A600D0126E /* DUDesignSystem in Frameworks */,
				28F3C5072FB37EDA0077B77A /* KakaoSDKShare in Frameworks */,
				BCC0EACE2F8FE90700D7A84A /* FirebaseAnalytics in Frameworks */,
				28FB12B22F9B5EB1004FCBB3 /* FirebaseFirestore in Frameworks */,
				28F3C7C32FB73B6E0077B77A /* KakaoSDK in Frameworks */,
			);
			runOnlyForDeploymentPostprocessing = 0;
		};
		BCFC85362F31FED800447A9A /* Frameworks */ = {
			isa = PBXFrameworksBuildPhase;
			buildActionMask = 2147483647;
			files = (
			);
			runOnlyForDeploymentPostprocessing = 0;
		};
/* End PBXFrameworksBuildPhase section */

/* Begin PBXGroup section */
		08267F222F0D06BC005A0066 = {
			isa = PBXGroup;
			children = (
				BCFC853A2F31FED800447A9A /* SoloDeveloperTrainingTests */,
				088F6A8C2FCAA7E400E14BA2 /* DUDesignSystemExample */,
				BCC0EACC2F8FE90700D7A84A /* Frameworks */,
				08267F2C2F0D06BC005A0066 /* Products */,
				B4C100042FCFE2A000000001 /* Config */,
				28FB154B2F9B6E3B004FCBB3 /* SoloDeveloperTraining */,
			);
			sourceTree = "<group>";
		};
		08267F2C2F0D06BC005A0066 /* Products */ = {
			isa = PBXGroup;
			children = (
				08267F2B2F0D06BC005A0066 /* SoloDeveloperTraining.app */,
				2896AE422F100CD600D38732 /* SoloDeveloperTraining-Dev.app */,
				BCFC85392F31FED800447A9A /* SoloDeveloperTrainingTests.xctest */,
				088F6A8B2FCAA7E400E14BA2 /* DUDesignSystemExample.app */,
			);
			name = Products;
			sourceTree = "<group>";
		};
		B4C100042FCFE2A000000001 /* Config */ = {
			isa = PBXGroup;
			children = (
				B4C100012FCFE2A000000001 /* SoloDeveloperTraining/App/Config/Debug.xcconfig */,
				B4C100022FCFE2A000000001 /* SoloDeveloperTraining/App/Config/Release.xcconfig */,
			);
			name = Config;
			sourceTree = "<group>";
		};
		BCC0EACC2F8FE90700D7A84A /* Frameworks */ = {
			isa = PBXGroup;
			children = (
			);
			name = Frameworks;
			sourceTree = "<group>";
		};
/* End PBXGroup section */

/* Begin PBXNativeTarget section */
		08267F2A2F0D06BC005A0066 /* SoloDeveloperTraining */ = {
			isa = PBXNativeTarget;
			buildConfigurationList = 08267F362F0D06BE005A0066 /* Build configuration list for PBXNativeTarget "SoloDeveloperTraining" */;
			buildPhases = (
				08267F272F0D06BC005A0066 /* Sources */,
				08267F282F0D06BC005A0066 /* Frameworks */,
				08267F292F0D06BC005A0066 /* Resources */,
				B3D95AE82F0FA9850066BDF2 /* ShellScript */,
			);
			buildRules = (
			);
			dependencies = (
			);
			fileSystemSynchronizedGroups = (
				28FB154B2F9B6E3B004FCBB3 /* SoloDeveloperTraining */,
			);
			name = SoloDeveloperTraining;
			packageProductDependencies = (
				BC19336E2F8FC7110033A27E /* FirebaseAnalytics */,
				BC1933702F8FC7110033A27E /* FirebaseCore */,
				28FB12AF2F9B5EA8004FCBB3 /* FirebaseFirestore */,
				283B980D2FAB24750033B924 /* GoogleMobileAds */,
				28F3C7C42FB73B7B0077B77A /* KakaoSDKShare */,
				28F3C7C62FB73B820077B77A /* KakaoSDK */,
				28AC32C82FDEB29600D0126E /* DUDesignSystem */,
				BC4C62972FE18C3C00570653 /* AppsFlyerLib */,
			);
			productName = SoloDeveloperTraining;
			productReference = 08267F2B2F0D06BC005A0066 /* SoloDeveloperTraining.app */;
			productType = "com.apple.product-type.application";
		};
		088F6A8A2FCAA7E400E14BA2 /* DUDesignSystemExample */ = {
			isa = PBXNativeTarget;
			buildConfigurationList = 088F6A952FCAA7E500E14BA2 /* Build configuration list for PBXNativeTarget "DUDesignSystemExample" */;
			buildPhases = (
				088F6A872FCAA7E400E14BA2 /* Sources */,
				088F6A882FCAA7E400E14BA2 /* Frameworks */,
				088F6A892FCAA7E400E14BA2 /* Resources */,
			);
			buildRules = (
			);
			dependencies = (
			);
			fileSystemSynchronizedGroups = (
				088F6A8C2FCAA7E400E14BA2 /* DUDesignSystemExample */,
			);
			name = DUDesignSystemExample;
			packageProductDependencies = (
				088F6A9F2FCAA8A600E14BA2 /* DUDesignSystem */,
			);
			productName = DUDesignSystemExample;
			productReference = 088F6A8B2FCAA7E400E14BA2 /* DUDesignSystemExample.app */;
			productType = "com.apple.product-type.application";
		};
		2896AE3A2F100CD600D38732 /* SoloDeveloperTraining-Dev */ = {
			isa = PBXNativeTarget;
			buildConfigurationList = 2896AE3F2F100CD600D38732 /* Build configuration list for PBXNativeTarget "SoloDeveloperTraining-Dev" */;
			buildPhases = (
				2896AE3B2F100CD600D38732 /* Sources */,
				2896AE3C2F100CD600D38732 /* Frameworks */,
				2896AE3D2F100CD600D38732 /* Resources */,
				2896AE3E2F100CD600D38732 /* ShellScript */,
			);
			buildRules = (
			);
			dependencies = (
			);
			fileSystemSynchronizedGroups = (
				28FB154B2F9B6E3B004FCBB3 /* SoloDeveloperTraining */,
			);
			name = "SoloDeveloperTraining-Dev";
			packageProductDependencies = (
				BCC0EACD2F8FE90700D7A84A /* FirebaseAnalytics */,
				BCC0EACF2F8FE90D00D7A84A /* FirebaseCore */,
				28FB12B12F9B5EB1004FCBB3 /* FirebaseFirestore */,
				283B9A422FAB36020033B924 /* GoogleMobileAds */,
				28F3C5062FB37EDA0077B77A /* KakaoSDKShare */,
				28F3C7C22FB73B6E0077B77A /* KakaoSDK */,
				28AC32CA2FDEB2A600D0126E /* DUDesignSystem */,
			);
			productName = SoloDeveloperTraining;
			productReference = 2896AE422F100CD600D38732 /* SoloDeveloperTraining-Dev.app */;
			productType = "com.apple.product-type.application";
		};
		BCFC85382F31FED800447A9A /* SoloDeveloperTrainingTests */ = {
			isa = PBXNativeTarget;
			buildConfigurationList = BCFC853F2F31FED800447A9A /* Build configuration list for PBXNativeTarget "SoloDeveloperTrainingTests" */;
			buildPhases = (
				BCFC85352F31FED800447A9A /* Sources */,
				BCFC85362F31FED800447A9A /* Frameworks */,
				BCFC85372F31FED800447A9A /* Resources */,
			);
			buildRules = (
			);
			dependencies = (
				BCFC853E2F31FED800447A9A /* PBXTargetDependency */,
			);
			fileSystemSynchronizedGroups = (
				BCFC853A2F31FED800447A9A /* SoloDeveloperTrainingTests */,
			);
			name = SoloDeveloperTrainingTests;
			packageProductDependencies = (
			);
			productName = SoloDeveloperTrainingTests;
			productReference = BCFC85392F31FED800447A9A /* SoloDeveloperTrainingTests.xctest */;
			productType = "com.apple.product-type.bundle.unit-test";
		};
/* End PBXNativeTarget section */

/* Begin PBXProject section */
		08267F232F0D06BC005A0066 /* Project object */ = {
			isa = PBXProject;
			attributes = {
				BuildIndependentTargetsInParallel = 1;
				LastSwiftUpdateCheck = 2610;
				LastUpgradeCheck = 2610;
				TargetAttributes = {
					08267F2A2F0D06BC005A0066 = {
						CreatedOnToolsVersion = 26.1.1;
					};
					088F6A8A2FCAA7E400E14BA2 = {
						CreatedOnToolsVersion = 26.1.1;
					};
					BCFC85382F31FED800447A9A = {
						CreatedOnToolsVersion = 26.2;
						TestTargetID = 08267F2A2F0D06BC005A0066;
					};
				};
			};
			buildConfigurationList = 08267F262F0D06BC005A0066 /* Build configuration list for PBXProject "SoloDeveloperTraining" */;
			developmentRegion = en;
			hasScannedForEncodings = 0;
			knownRegions = (
				en,
				Base,
			);
			mainGroup = 08267F222F0D06BC005A0066;
			minimizedProjectReferenceProxies = 1;
			packageReferences = (
				BC19336D2F8FC7110033A27E /* XCRemoteSwiftPackageReference "firebase-ios-sdk" */,
				283B95DB2FA9D44B0033B924 /* XCRemoteSwiftPackageReference "swift-package-manager-google-mobile-ads" */,
				28F3C5032FB37EA70077B77A /* XCRemoteSwiftPackageReference "kakao-ios-sdk" */,
				28AC32CC2FDEB4BD00D0126E /* XCLocalSwiftPackageReference "../DUDesignSystem" */,
				BC4C62962FE18C3C00570653 /* XCRemoteSwiftPackageReference "AppsFlyerFramework" */,
			);
			preferredProjectObjectVersion = 77;
			productRefGroup = 08267F2C2F0D06BC005A0066 /* Products */;
			projectDirPath = "";
			projectRoot = "";
			targets = (
				08267F2A2F0D06BC005A0066 /* SoloDeveloperTraining */,
				2896AE3A2F100CD600D38732 /* SoloDeveloperTraining-Dev */,
				BCFC85382F31FED800447A9A /* SoloDeveloperTrainingTests */,
				088F6A8A2FCAA7E400E14BA2 /* DUDesignSystemExample */,
			);
		};
/* End PBXProject section */

/* Begin PBXResourcesBuildPhase section */
		08267F292F0D06BC005A0066 /* Resources */ = {
			isa = PBXResourcesBuildPhase;
			buildActionMask = 2147483647;
			files = (
			);
			runOnlyForDeploymentPostprocessing = 0;
		};
		088F6A892FCAA7E400E14BA2 /* Resources */ = {
			isa = PBXResourcesBuildPhase;
			buildActionMask = 2147483647;
			files = (
			);
			runOnlyForDeploymentPostprocessing = 0;
		};
		2896AE3D2F100CD600D38732 /* Resources */ = {
			isa = PBXResourcesBuildPhase;
			buildActionMask = 2147483647;
			files = (
			);
			runOnlyForDeploymentPostprocessing = 0;
		};
		BCFC85372F31FED800447A9A /* Resources */ = {
			isa = PBXResourcesBuildPhase;
			buildActionMask = 2147483647;
			files = (
			);
			runOnlyForDeploymentPostprocessing = 0;
		};
/* End PBXResourcesBuildPhase section */

/* Begin PBXShellScriptBuildPhase section */
		2896AE3E2F100CD600D38732 /* ShellScript */ = {
			isa = PBXShellScriptBuildPhase;
			alwaysOutOfDate = 1;
			buildActionMask = 2147483647;
			files = (
			);
			inputFileListPaths = (
			);
			inputPaths = (
			);
			outputFileListPaths = (
			);
			outputPaths = (
			);
			runOnlyForDeploymentPostprocessing = 0;
			shellPath = /bin/sh;
			shellScript = "if [[ \"$(uname -m)\" == arm64 ]]\nthen\n    export PATH=\"/opt/homebrew/bin:$PATH\"\nfi\n\nif command -v swiftlint >/dev/null 2>&1\nthen\n    swiftlint\nelse\n    echo \"warning: `swiftlint` command not found - See https://github.com/realm/SwiftLint#installation for installation instructions.\"\nfi\n";
		};
		B3D95AE82F0FA9850066BDF2 /* ShellScript */ = {
			isa = PBXShellScriptBuildPhase;
			alwaysOutOfDate = 1;
			buildActionMask = 2147483647;
			files = (
			);
			inputFileListPaths = (
			);
			inputPaths = (
			);
			outputFileListPaths = (
			);
			outputPaths = (
			);
			runOnlyForDeploymentPostprocessing = 0;
			shellPath = /bin/sh;
			shellScript = "if [[ \"$(uname -m)\" == arm64 ]]\nthen\n    export PATH=\"/opt/homebrew/bin:$PATH\"\nfi\n\nif command -v swiftlint >/dev/null 2>&1\nthen\n    swiftlint\nelse\n    echo \"warning: `swiftlint` command not found - See https://github.com/realm/SwiftLint#installation for installation instructions.\"\nfi\n";
		};
/* End PBXShellScriptBuildPhase section */

/* Begin PBXSourcesBuildPhase section */
		08267F272F0D06BC005A0066 /* Sources */ = {
			isa = PBXSourcesBuildPhase;
			buildActionMask = 2147483647;
			files = (
			);
			runOnlyForDeploymentPostprocessing = 0;
		};
		088F6A872FCAA7E400E14BA2 /* Sources */ = {
			isa = PBXSourcesBuildPhase;
			buildActionMask = 2147483647;
			files = (
			);
			runOnlyForDeploymentPostprocessing = 0;
		};
		2896AE3B2F100CD600D38732 /* Sources */ = {
			isa = PBXSourcesBuildPhase;
			buildActionMask = 2147483647;
			files = (
			);
			runOnlyForDeploymentPostprocessing = 0;
		};
		BCFC85352F31FED800447A9A /* Sources */ = {
			isa = PBXSourcesBuildPhase;
			buildActionMask = 2147483647;
			files = (
			);
			runOnlyForDeploymentPostprocessing = 0;
		};
/* End PBXSourcesBuildPhase section */

/* Begin PBXTargetDependency section */
		BCFC853E2F31FED800447A9A /* PBXTargetDependency */ = {
			isa = PBXTargetDependency;
			target = 08267F2A2F0D06BC005A0066 /* SoloDeveloperTraining */;
			targetProxy = BCFC853D2F31FED800447A9A /* PBXContainerItemProxy */;
		};
/* End PBXTargetDependency section */

/* Begin XCBuildConfiguration section */
		08267F342F0D06BE005A0066 /* Debug */ = {
			isa = XCBuildConfiguration;
			buildSettings = {
				ALWAYS_SEARCH_USER_PATHS = NO;
				ASSETCATALOG_COMPILER_GENERATE_SWIFT_ASSET_SYMBOL_EXTENSIONS = YES;
				CLANG_ANALYZER_NONNULL = YES;
				CLANG_ANALYZER_NUMBER_OBJECT_CONVERSION = YES_AGGRESSIVE;
				CLANG_CXX_LANGUAGE_STANDARD = "gnu++20";
				CLANG_ENABLE_MODULES = YES;
				CLANG_ENABLE_OBJC_ARC = YES;
				CLANG_ENABLE_OBJC_WEAK = YES;
				CLANG_WARN_BLOCK_CAPTURE_AUTORELEASING = YES;
				CLANG_WARN_BOOL_CONVERSION = YES;
				CLANG_WARN_COMMA = YES;
				CLANG_WARN_CONSTANT_CONVERSION = YES;
				CLANG_WARN_DEPRECATED_OBJC_IMPLEMENTATIONS = YES;
				CLANG_WARN_DIRECT_OBJC_ISA_USAGE = YES_ERROR;
				CLANG_WARN_DOCUMENTATION_COMMENTS = YES;
				CLANG_WARN_EMPTY_BODY = YES;
				CLANG_WARN_ENUM_CONVERSION = YES;
				CLANG_WARN_INFINITE_RECURSION = YES;
				CLANG_WARN_INT_CONVERSION = YES;
				CLANG_WARN_NON_LITERAL_NULL_CONVERSION = YES;
				CLANG_WARN_OBJC_IMPLICIT_RETAIN_SELF = YES;
				CLANG_WARN_OBJC_LITERAL_CONVERSION = YES;
				CLANG_WARN_OBJC_ROOT_CLASS = YES_ERROR;
				CLANG_WARN_QUOTED_INCLUDE_IN_FRAMEWORK_HEADER = YES;
				CLANG_WARN_RANGE_LOOP_ANALYSIS = YES;
				CLANG_WARN_STRICT_PROTOTYPES = YES;
				CLANG_WARN_SUSPICIOUS_MOVE = YES;
				CLANG_WARN_UNGUARDED_AVAILABILITY = YES_AGGRESSIVE;
				CLANG_WARN_UNREACHABLE_CODE = YES;
				CLANG_WARN__DUPLICATE_METHOD_MATCH = YES;
				COPY_PHASE_STRIP = NO;
				DEBUG_INFORMATION_FORMAT = dwarf;
				DEVELOPMENT_TEAM = B3PWYBKFUK;
				ENABLE_STRICT_OBJC_MSGSEND = YES;
				ENABLE_TESTABILITY = YES;
				ENABLE_USER_SCRIPT_SANDBOXING = YES;
				GCC_C_LANGUAGE_STANDARD = gnu17;
				GCC_DYNAMIC_NO_PIC = NO;
				GCC_NO_COMMON_BLOCKS = YES;
				GCC_OPTIMIZATION_LEVEL = 0;
				GCC_PREPROCESSOR_DEFINITIONS = (
					"DEBUG=1",
					"$(inherited)",
				);
				GCC_WARN_64_TO_32_BIT_CONVERSION = YES;
				GCC_WARN_ABOUT_RETURN_TYPE = YES_ERROR;
				GCC_WARN_UNDECLARED_SELECTOR = YES;
				GCC_WARN_UNINITIALIZED_AUTOS = YES_AGGRESSIVE;
				GCC_WARN_UNUSED_FUNCTION = YES;
				GCC_WARN_UNUSED_VARIABLE = YES;
				IPHONEOS_DEPLOYMENT_TARGET = 26.1;
				LOCALIZATION_PREFERS_STRING_CATALOGS = YES;
				MTL_ENABLE_DEBUG_INFO = INCLUDE_SOURCE;
				MTL_FAST_MATH = YES;
				ONLY_ACTIVE_ARCH = YES;
				OTHER_SWIFT_FLAGS = "";
				SDKROOT = iphoneos;
				SWIFT_ACTIVE_COMPILATION_CONDITIONS = "DEBUG $(inherited)";
				SWIFT_OPTIMIZATION_LEVEL = "-Onone";
			};
			name = Debug;
		};
		08267F352F0D06BE005A0066 /* Release */ = {
			isa = XCBuildConfiguration;
			buildSettings = {
				ALWAYS_SEARCH_USER_PATHS = NO;
				ASSETCATALOG_COMPILER_GENERATE_SWIFT_ASSET_SYMBOL_EXTENSIONS = YES;
				CLANG_ANALYZER_NONNULL = YES;
				CLANG_ANALYZER_NUMBER_OBJECT_CONVERSION = YES_AGGRESSIVE;
				CLANG_CXX_LANGUAGE_STANDARD = "gnu++20";
				CLANG_ENABLE_MODULES = YES;
				CLANG_ENABLE_OBJC_ARC = YES;
				CLANG_ENABLE_OBJC_WEAK = YES;
				CLANG_WARN_BLOCK_CAPTURE_AUTORELEASING = YES;
				CLANG_WARN_BOOL_CONVERSION = YES;
				CLANG_WARN_COMMA = YES;
				CLANG_WARN_CONSTANT_CONVERSION = YES;
				CLANG_WARN_DEPRECATED_OBJC_IMPLEMENTATIONS = YES;
				CLANG_WARN_DIRECT_OBJC_ISA_USAGE = YES_ERROR;
				CLANG_WARN_DOCUMENTATION_COMMENTS = YES;
				CLANG_WARN_EMPTY_BODY = YES;
				CLANG_WARN_ENUM_CONVERSION = YES;
				CLANG_WARN_INFINITE_RECURSION = YES;
				CLANG_WARN_INT_CONVERSION = YES;
				CLANG_WARN_NON_LITERAL_NULL_CONVERSION = YES;
				CLANG_WARN_OBJC_IMPLICIT_RETAIN_SELF = YES;
				CLANG_WARN_OBJC_LITERAL_CONVERSION = YES;
				CLANG_WARN_OBJC_ROOT_CLASS = YES_ERROR;
				CLANG_WARN_QUOTED_INCLUDE_IN_FRAMEWORK_HEADER = YES;
				CLANG_WARN_RANGE_LOOP_ANALYSIS = YES;
				CLANG_WARN_STRICT_PROTOTYPES = YES;
				CLANG_WARN_SUSPICIOUS_MOVE = YES;
				CLANG_WARN_UNGUARDED_AVAILABILITY = YES_AGGRESSIVE;
				CLANG_WARN_UNREACHABLE_CODE = YES;
				CLANG_WARN__DUPLICATE_METHOD_MATCH = YES;
				COPY_PHASE_STRIP = NO;
				DEBUG_INFORMATION_FORMAT = "dwarf-with-dsym";
				DEVELOPMENT_TEAM = B3PWYBKFUK;
				ENABLE_NS_ASSERTIONS = NO;
				ENABLE_STRICT_OBJC_MSGSEND = YES;
				ENABLE_USER_SCRIPT_SANDBOXING = YES;
				GCC_C_LANGUAGE_STANDARD = gnu17;
				GCC_NO_COMMON_BLOCKS = YES;
				GCC_WARN_64_TO_32_BIT_CONVERSION = YES;
				GCC_WARN_ABOUT_RETURN_TYPE = YES_ERROR;
				GCC_WARN_UNDECLARED_SELECTOR = YES;
				GCC_WARN_UNINITIALIZED_AUTOS = YES_AGGRESSIVE;
				GCC_WARN_UNUSED_FUNCTION = YES;
				GCC_WARN_UNUSED_VARIABLE = YES;
				IPHONEOS_DEPLOYMENT_TARGET = 26.1;
				LOCALIZATION_PREFERS_STRING_CATALOGS = YES;
				MTL_ENABLE_DEBUG_INFO = NO;
				MTL_FAST_MATH = YES;
				OTHER_SWIFT_FLAGS = "";
				SDKROOT = iphoneos;
				SWIFT_COMPILATION_MODE = wholemodule;
				VALIDATE_PRODUCT = YES;
			};
			name = Release;
		};
		08267F372F0D06BE005A0066 /* Debug */ = {
			isa = XCBuildConfiguration;
			baseConfigurationReference = B4C100012FCFE2A000000001 /* SoloDeveloperTraining/App/Config/Debug.xcconfig */;
			buildSettings = {
				ASSETCATALOG_COMPILER_APPICON_NAME = app_icon_release;
				ASSETCATALOG_COMPILER_GLOBAL_ACCENT_COLOR_NAME = AccentColor;
				CODE_SIGN_ENTITLEMENTS = SoloDeveloperTraining/App/SoloDeveloperTraining.entitlements;
				"CODE_SIGN_IDENTITY[sdk=iphoneos*]" = "iPhone Developer";
				CODE_SIGN_STYLE = Manual;
				CURRENT_PROJECT_VERSION = 1;
				DEVELOPMENT_TEAM = "";
				"DEVELOPMENT_TEAM[sdk=iphoneos*]" = QBLK6726G4;
				ENABLE_PREVIEWS = YES;
				ENABLE_USER_SCRIPT_SANDBOXING = NO;
				GENERATE_INFOPLIST_FILE = YES;
				INFOPLIST_FILE = SoloDeveloperTraining/App/Info.plist;
				INFOPLIST_KEY_CFBundleDisplayName = "개발자 키우기";
				INFOPLIST_KEY_LSApplicationCategoryType = "public.app-category.games";
				INFOPLIST_KEY_UIApplicationSceneManifest_Generation = YES;
				INFOPLIST_KEY_UIApplicationSupportsIndirectInputEvents = YES;
				INFOPLIST_KEY_UILaunchStoryboardName = "Launch Screen";
				INFOPLIST_KEY_UISupportedInterfaceOrientations = UIInterfaceOrientationPortrait;
				INFOPLIST_KEY_UISupportedInterfaceOrientations_iPad = "UIInterfaceOrientationLandscapeLeft UIInterfaceOrientationLandscapeRight UIInterfaceOrientationPortrait UIInterfaceOrientationPortraitUpsideDown";
				INFOPLIST_KEY_UIUserInterfaceStyle = Light;
				IPHONEOS_DEPLOYMENT_TARGET = 17;
				LD_RUNPATH_SEARCH_PATHS = (
					"$(inherited)",
					"@executable_path/Frameworks",
				);
				MARKETING_VERSION = 1.1.2;
				PRODUCT_BUNDLE_IDENTIFIER = kr.codesquad.boostcamp10.SoloDeveloperTraining;
				PRODUCT_NAME = "$(TARGET_NAME)";
				PROVISIONING_PROFILE_SPECIFIER = "";
				"PROVISIONING_PROFILE_SPECIFIER[sdk=iphoneos*]" = development_provisioning;
				STRING_CATALOG_GENERATE_SYMBOLS = YES;
				SUPPORTED_PLATFORMS = "iphoneos iphonesimulator";
				SUPPORTS_MACCATALYST = NO;
				SUPPORTS_MAC_DESIGNED_FOR_IPHONE_IPAD = NO;
				SUPPORTS_XR_DESIGNED_FOR_IPHONE_IPAD = NO;
				SWIFT_APPROACHABLE_CONCURRENCY = YES;
				SWIFT_DEFAULT_ACTOR_ISOLATION = MainActor;
				SWIFT_EMIT_LOC_STRINGS = YES;
				SWIFT_UPCOMING_FEATURE_MEMBER_IMPORT_VISIBILITY = YES;
				SWIFT_VERSION = 5.0;
				TARGETED_DEVICE_FAMILY = 1;
			};
			name = Debug;
		};
		08267F382F0D06BE005A0066 /* Release */ = {
			isa = XCBuildConfiguration;
			baseConfigurationReference = B4C100022FCFE2A000000001 /* SoloDeveloperTraining/App/Config/Release.xcconfig */;
			buildSettings = {
				ASSETCATALOG_COMPILER_APPICON_NAME = app_icon_release;
				ASSETCATALOG_COMPILER_GLOBAL_ACCENT_COLOR_NAME = AccentColor;
				CODE_SIGN_ENTITLEMENTS = SoloDeveloperTraining/App/SoloDeveloperTraining.entitlements;
				"CODE_SIGN_IDENTITY[sdk=iphoneos*]" = "iPhone Distribution";
				CODE_SIGN_STYLE = Manual;
				CURRENT_PROJECT_VERSION = 1;
				DEVELOPMENT_TEAM = "";
				"DEVELOPMENT_TEAM[sdk=iphoneos*]" = QBLK6726G4;
				ENABLE_PREVIEWS = YES;
				ENABLE_USER_SCRIPT_SANDBOXING = NO;
				GENERATE_INFOPLIST_FILE = YES;
				INFOPLIST_FILE = SoloDeveloperTraining/App/Info.plist;
				INFOPLIST_KEY_CFBundleDisplayName = "개발자 키우기";
				INFOPLIST_KEY_LSApplicationCategoryType = "public.app-category.games";
				INFOPLIST_KEY_UIApplicationSceneManifest_Generation = YES;
				INFOPLIST_KEY_UIApplicationSupportsIndirectInputEvents = YES;
				INFOPLIST_KEY_UILaunchStoryboardName = "Launch Screen";
				INFOPLIST_KEY_UISupportedInterfaceOrientations = UIInterfaceOrientationPortrait;
				INFOPLIST_KEY_UISupportedInterfaceOrientations_iPad = "UIInterfaceOrientationLandscapeLeft UIInterfaceOrientationLandscapeRight UIInterfaceOrientationPortrait UIInterfaceOrientationPortraitUpsideDown";
				INFOPLIST_KEY_UIUserInterfaceStyle = Light;
				IPHONEOS_DEPLOYMENT_TARGET = 17;
				LD_RUNPATH_SEARCH_PATHS = (
					"$(inherited)",
					"@executable_path/Frameworks",
				);
				MARKETING_VERSION = 1.1.2;
				PRODUCT_BUNDLE_IDENTIFIER = kr.codesquad.boostcamp10.SoloDeveloperTraining;
				PRODUCT_NAME = "$(TARGET_NAME)";
				PROVISIONING_PROFILE_SPECIFIER = "";
				"PROVISIONING_PROFILE_SPECIFIER[sdk=iphoneos*]" = distribution_provisioning;
				STRING_CATALOG_GENERATE_SYMBOLS = YES;
				SUPPORTED_PLATFORMS = "iphoneos iphonesimulator";
				SUPPORTS_MACCATALYST = NO;
				SUPPORTS_MAC_DESIGNED_FOR_IPHONE_IPAD = NO;
				SUPPORTS_XR_DESIGNED_FOR_IPHONE_IPAD = NO;
				SWIFT_APPROACHABLE_CONCURRENCY = YES;
				SWIFT_DEFAULT_ACTOR_ISOLATION = MainActor;
				SWIFT_EMIT_LOC_STRINGS = YES;
				SWIFT_UPCOMING_FEATURE_MEMBER_IMPORT_VISIBILITY = YES;
				SWIFT_VERSION = 5.0;
				TARGETED_DEVICE_FAMILY = 1;
			};
			name = Release;
		};
		088F6A932FCAA7E500E14BA2 /* Debug */ = {
			isa = XCBuildConfiguration;
			buildSettings = {
				ASSETCATALOG_COMPILER_APPICON_NAME = AppIcon;
				ASSETCATALOG_COMPILER_GLOBAL_ACCENT_COLOR_NAME = AccentColor;
				"CODE_SIGN_IDENTITY[sdk=iphoneos*]" = "iPhone Developer";
				CODE_SIGN_STYLE = Manual;
				CURRENT_PROJECT_VERSION = 1;
				DEVELOPMENT_TEAM = "";
				"DEVELOPMENT_TEAM[sdk=iphoneos*]" = QBLK6726G4;
				ENABLE_PREVIEWS = YES;
				GENERATE_INFOPLIST_FILE = YES;
				INFOPLIST_KEY_UIApplicationSceneManifest_Generation = YES;
				INFOPLIST_KEY_UIApplicationSupportsIndirectInputEvents = YES;
				INFOPLIST_KEY_UILaunchScreen_Generation = YES;
				INFOPLIST_KEY_UISupportedInterfaceOrientations_iPad = "UIInterfaceOrientationPortrait UIInterfaceOrientationPortraitUpsideDown UIInterfaceOrientationLandscapeLeft UIInterfaceOrientationLandscapeRight";
				INFOPLIST_KEY_UISupportedInterfaceOrientations_iPhone = "UIInterfaceOrientationPortrait UIInterfaceOrientationLandscapeLeft UIInterfaceOrientationLandscapeRight";
				LD_RUNPATH_SEARCH_PATHS = (
					"$(inherited)",
					"@executable_path/Frameworks",
				);
				MARKETING_VERSION = 0.1.1;
				PRODUCT_BUNDLE_IDENTIFIER = com.devup.DUDesignSystem;
				PRODUCT_NAME = "$(TARGET_NAME)";
				PROVISIONING_PROFILE_SPECIFIER = "";
				"PROVISIONING_PROFILE_SPECIFIER[sdk=iphoneos*]" = design_example_development_provisioning;
				STRING_CATALOG_GENERATE_SYMBOLS = YES;
				SUPPORTED_PLATFORMS = "iphoneos iphonesimulator";
				SUPPORTS_MACCATALYST = NO;
				SUPPORTS_MAC_DESIGNED_FOR_IPHONE_IPAD = NO;
				SUPPORTS_XR_DESIGNED_FOR_IPHONE_IPAD = NO;
				SWIFT_APPROACHABLE_CONCURRENCY = YES;
				SWIFT_DEFAULT_ACTOR_ISOLATION = MainActor;
				SWIFT_EMIT_LOC_STRINGS = YES;
				SWIFT_UPCOMING_FEATURE_MEMBER_IMPORT_VISIBILITY = YES;
				SWIFT_VERSION = 5.0;
				TARGETED_DEVICE_FAMILY = 1;
			};
			name = Debug;
		};
		088F6A942FCAA7E500E14BA2 /* Release */ = {
			isa = XCBuildConfiguration;
			buildSettings = {
				ASSETCATALOG_COMPILER_APPICON_NAME = AppIcon;
				ASSETCATALOG_COMPILER_GLOBAL_ACCENT_COLOR_NAME = AccentColor;
				"CODE_SIGN_IDENTITY[sdk=iphoneos*]" = "iPhone Distribution";
				CODE_SIGN_STYLE = Manual;
				CURRENT_PROJECT_VERSION = 1;
				DEVELOPMENT_TEAM = "";
				"DEVELOPMENT_TEAM[sdk=iphoneos*]" = QBLK6726G4;
				ENABLE_PREVIEWS = YES;
				GENERATE_INFOPLIST_FILE = YES;
				INFOPLIST_KEY_UIApplicationSceneManifest_Generation = YES;
				INFOPLIST_KEY_UIApplicationSupportsIndirectInputEvents = YES;
				INFOPLIST_KEY_UILaunchScreen_Generation = YES;
				INFOPLIST_KEY_UISupportedInterfaceOrientations_iPad = "UIInterfaceOrientationPortrait UIInterfaceOrientationPortraitUpsideDown UIInterfaceOrientationLandscapeLeft UIInterfaceOrientationLandscapeRight";
				INFOPLIST_KEY_UISupportedInterfaceOrientations_iPhone = "UIInterfaceOrientationPortrait UIInterfaceOrientationLandscapeLeft UIInterfaceOrientationLandscapeRight";
				LD_RUNPATH_SEARCH_PATHS = (
					"$(inherited)",
					"@executable_path/Frameworks",
				);
				MARKETING_VERSION = 0.1.1;
				PRODUCT_BUNDLE_IDENTIFIER = com.devup.DUDesignSystem;
				PRODUCT_NAME = "$(TARGET_NAME)";
				PROVISIONING_PROFILE_SPECIFIER = "";
				"PROVISIONING_PROFILE_SPECIFIER[sdk=iphoneos*]" = design_example_distribution_provisioning;
				STRING_CATALOG_GENERATE_SYMBOLS = YES;
				SUPPORTED_PLATFORMS = "iphoneos iphonesimulator";
				SUPPORTS_MACCATALYST = NO;
				SUPPORTS_MAC_DESIGNED_FOR_IPHONE_IPAD = NO;
				SUPPORTS_XR_DESIGNED_FOR_IPHONE_IPAD = NO;
				SWIFT_APPROACHABLE_CONCURRENCY = YES;
				SWIFT_DEFAULT_ACTOR_ISOLATION = MainActor;
				SWIFT_EMIT_LOC_STRINGS = YES;
				SWIFT_UPCOMING_FEATURE_MEMBER_IMPORT_VISIBILITY = YES;
				SWIFT_VERSION = 5.0;
				TARGETED_DEVICE_FAMILY = 1;
			};
			name = Release;
		};
		2896AE402F100CD600D38732 /* Debug */ = {
			isa = XCBuildConfiguration;
			baseConfigurationReference = B4C100012FCFE2A000000001 /* SoloDeveloperTraining/App/Config/Debug.xcconfig */;
			buildSettings = {
				ASSETCATALOG_COMPILER_APPICON_NAME = app_icon_dev;
				ASSETCATALOG_COMPILER_GLOBAL_ACCENT_COLOR_NAME = AccentColor;
				CODE_SIGN_ENTITLEMENTS = "";
				"CODE_SIGN_IDENTITY[sdk=iphoneos*]" = "iPhone Developer";
				CODE_SIGN_STYLE = Manual;
				CURRENT_PROJECT_VERSION = 1;
				DEVELOPMENT_TEAM = "";
				"DEVELOPMENT_TEAM[sdk=iphoneos*]" = QBLK6726G4;
				ENABLE_PREVIEWS = YES;
				ENABLE_USER_SCRIPT_SANDBOXING = NO;
				GENERATE_INFOPLIST_FILE = YES;
				INFOPLIST_FILE = "SoloDeveloperTraining/App/Info-Dev.plist";
				INFOPLIST_KEY_CFBundleDisplayName = "개발자 키우기 (Dev)";
				INFOPLIST_KEY_NSUserTrackingUsageDescription = "개인화된 광고 제공 목적으로 사용됩니다.";
				INFOPLIST_KEY_UIApplicationSceneManifest_Generation = YES;
				INFOPLIST_KEY_UIApplicationSupportsIndirectInputEvents = YES;
				INFOPLIST_KEY_UILaunchStoryboardName = "Launch Screen";
				INFOPLIST_KEY_UIStatusBarStyle = "";
				INFOPLIST_KEY_UISupportedInterfaceOrientations = UIInterfaceOrientationPortrait;
				INFOPLIST_KEY_UISupportedInterfaceOrientations_iPad = "UIInterfaceOrientationLandscapeLeft UIInterfaceOrientationLandscapeRight UIInterfaceOrientationPortrait UIInterfaceOrientationPortraitUpsideDown";
				INFOPLIST_KEY_UIUserInterfaceStyle = Light;
				IPHONEOS_DEPLOYMENT_TARGET = 17;
				LD_RUNPATH_SEARCH_PATHS = (
					"$(inherited)",
					"@executable_path/Frameworks",
				);
				MARKETING_VERSION = 1.0;
				OTHER_SWIFT_FLAGS = "-DDEV_BUILD";
				PRODUCT_BUNDLE_IDENTIFIER = com.devup.dev;
				PRODUCT_NAME = "$(TARGET_NAME)";
				PROVISIONING_PROFILE_SPECIFIER = "";
				"PROVISIONING_PROFILE_SPECIFIER[sdk=iphoneos*]" = dev_development_provisioning;
				STRING_CATALOG_GENERATE_SYMBOLS = YES;
				SUPPORTED_PLATFORMS = "iphoneos iphonesimulator";
				SUPPORTS_MACCATALYST = NO;
				SUPPORTS_MAC_DESIGNED_FOR_IPHONE_IPAD = NO;
				SUPPORTS_XR_DESIGNED_FOR_IPHONE_IPAD = NO;
				SWIFT_APPROACHABLE_CONCURRENCY = YES;
				SWIFT_DEFAULT_ACTOR_ISOLATION = MainActor;
				SWIFT_EMIT_LOC_STRINGS = YES;
				SWIFT_UPCOMING_FEATURE_MEMBER_IMPORT_VISIBILITY = YES;
				SWIFT_VERSION = 5.0;
				TARGETED_DEVICE_FAMILY = 1;
			};
			name = Debug;
		};
		2896AE412F100CD600D38732 /* Release */ = {
			isa = XCBuildConfiguration;
			baseConfigurationReference = B4C100012FCFE2A000000001 /* SoloDeveloperTraining/App/Config/Debug.xcconfig */;
			buildSettings = {
				ASSETCATALOG_COMPILER_APPICON_NAME = app_icon_dev;
				ASSETCATALOG_COMPILER_GLOBAL_ACCENT_COLOR_NAME = AccentColor;
				CODE_SIGN_ENTITLEMENTS = "";
				"CODE_SIGN_IDENTITY[sdk=iphoneos*]" = "iPhone Distribution";
				CODE_SIGN_STYLE = Manual;
				CURRENT_PROJECT_VERSION = 1;
				DEVELOPMENT_TEAM = "";
				"DEVELOPMENT_TEAM[sdk=iphoneos*]" = QBLK6726G4;
				ENABLE_PREVIEWS = YES;
				ENABLE_USER_SCRIPT_SANDBOXING = NO;
				GENERATE_INFOPLIST_FILE = YES;
				INFOPLIST_FILE = "SoloDeveloperTraining/App/Info-Dev.plist";
				INFOPLIST_KEY_CFBundleDisplayName = "개발자 키우기 (Dev)";
				INFOPLIST_KEY_NSUserTrackingUsageDescription = "개인화된 광고 제공 목적으로 사용됩니다.";
				INFOPLIST_KEY_UIApplicationSceneManifest_Generation = YES;
				INFOPLIST_KEY_UIApplicationSupportsIndirectInputEvents = YES;
				INFOPLIST_KEY_UILaunchStoryboardName = "Launch Screen";
				INFOPLIST_KEY_UIStatusBarStyle = "";
				INFOPLIST_KEY_UISupportedInterfaceOrientations = UIInterfaceOrientationPortrait;
				INFOPLIST_KEY_UISupportedInterfaceOrientations_iPad = "UIInterfaceOrientationLandscapeLeft UIInterfaceOrientationLandscapeRight UIInterfaceOrientationPortrait UIInterfaceOrientationPortraitUpsideDown";
				INFOPLIST_KEY_UIUserInterfaceStyle = Light;
				IPHONEOS_DEPLOYMENT_TARGET = 17;
				LD_RUNPATH_SEARCH_PATHS = (
					"$(inherited)",
					"@executable_path/Frameworks",
				);
				MARKETING_VERSION = 1.0;
				OTHER_SWIFT_FLAGS = "-DDEV_BUILD";
				PRODUCT_BUNDLE_IDENTIFIER = com.devup.dev;
				PRODUCT_NAME = "$(TARGET_NAME)";
				PROVISIONING_PROFILE_SPECIFIER = "";
				"PROVISIONING_PROFILE_SPECIFIER[sdk=iphoneos*]" = dev_distribution_provisioning;
				STRING_CATALOG_GENERATE_SYMBOLS = YES;
				SUPPORTED_PLATFORMS = "iphoneos iphonesimulator";
				SUPPORTS_MACCATALYST = NO;
				SUPPORTS_MAC_DESIGNED_FOR_IPHONE_IPAD = NO;
				SUPPORTS_XR_DESIGNED_FOR_IPHONE_IPAD = NO;
				SWIFT_APPROACHABLE_CONCURRENCY = YES;
				SWIFT_DEFAULT_ACTOR_ISOLATION = MainActor;
				SWIFT_EMIT_LOC_STRINGS = YES;
				SWIFT_UPCOMING_FEATURE_MEMBER_IMPORT_VISIBILITY = YES;
				SWIFT_VERSION = 5.0;
				TARGETED_DEVICE_FAMILY = 1;
			};
			name = Release;
		};
		BCFC85402F31FED800447A9A /* Debug */ = {
			isa = XCBuildConfiguration;
			buildSettings = {
				BUNDLE_LOADER = "$(TEST_HOST)";
				CODE_SIGN_STYLE = Automatic;
				CURRENT_PROJECT_VERSION = 1;
				DEVELOPMENT_TEAM = B3PWYBKFUK;
				GENERATE_INFOPLIST_FILE = YES;
				IPHONEOS_DEPLOYMENT_TARGET = 17;
				MARKETING_VERSION = 1.0;
				PRODUCT_BUNDLE_IDENTIFIER = sunghun.SoloDeveloperTrainingTests;
				PRODUCT_NAME = "$(TARGET_NAME)";
				STRING_CATALOG_GENERATE_SYMBOLS = NO;
				SWIFT_APPROACHABLE_CONCURRENCY = YES;
				SWIFT_EMIT_LOC_STRINGS = NO;
				SWIFT_UPCOMING_FEATURE_MEMBER_IMPORT_VISIBILITY = YES;
				SWIFT_VERSION = 5.0;
				TARGETED_DEVICE_FAMILY = "1,2";
				TEST_HOST = "$(BUILT_PRODUCTS_DIR)/SoloDeveloperTraining.app/$(BUNDLE_EXECUTABLE_FOLDER_PATH)/SoloDeveloperTraining";
			};
			name = Debug;
		};
		BCFC85412F31FED800447A9A /* Release */ = {
			isa = XCBuildConfiguration;
			buildSettings = {
				BUNDLE_LOADER = "$(TEST_HOST)";
				CODE_SIGN_STYLE = Automatic;
				CURRENT_PROJECT_VERSION = 1;
				DEVELOPMENT_TEAM = B3PWYBKFUK;
				GENERATE_INFOPLIST_FILE = YES;
				IPHONEOS_DEPLOYMENT_TARGET = 17;
				MARKETING_VERSION = 1.0;
				PRODUCT_BUNDLE_IDENTIFIER = sunghun.SoloDeveloperTrainingTests;
				PRODUCT_NAME = "$(TARGET_NAME)";
				STRING_CATALOG_GENERATE_SYMBOLS = NO;
				SWIFT_APPROACHABLE_CONCURRENCY = YES;
				SWIFT_EMIT_LOC_STRINGS = NO;
				SWIFT_UPCOMING_FEATURE_MEMBER_IMPORT_VISIBILITY = YES;
				SWIFT_VERSION = 5.0;
				TARGETED_DEVICE_FAMILY = "1,2";
				TEST_HOST = "$(BUILT_PRODUCTS_DIR)/SoloDeveloperTraining.app/$(BUNDLE_EXECUTABLE_FOLDER_PATH)/SoloDeveloperTraining";
			};
			name = Release;
		};
/* End XCBuildConfiguration section */

/* Begin XCConfigurationList section */
		08267F262F0D06BC005A0066 /* Build configuration list for PBXProject "SoloDeveloperTraining" */ = {
			isa = XCConfigurationList;
			buildConfigurations = (
				08267F342F0D06BE005A0066 /* Debug */,
				08267F352F0D06BE005A0066 /* Release */,
			);
			defaultConfigurationIsVisible = 0;
			defaultConfigurationName = Release;
		};
		08267F362F0D06BE005A0066 /* Build configuration list for PBXNativeTarget "SoloDeveloperTraining" */ = {
			isa = XCConfigurationList;
			buildConfigurations = (
				08267F372F0D06BE005A0066 /* Debug */,
				08267F382F0D06BE005A0066 /* Release */,
			);
			defaultConfigurationIsVisible = 0;
			defaultConfigurationName = Release;
		};
		088F6A952FCAA7E500E14BA2 /* Build configuration list for PBXNativeTarget "DUDesignSystemExample" */ = {
			isa = XCConfigurationList;
			buildConfigurations = (
				088F6A932FCAA7E500E14BA2 /* Debug */,
				088F6A942FCAA7E500E14BA2 /* Release */,
			);
			defaultConfigurationIsVisible = 0;
			defaultConfigurationName = Release;
		};
		2896AE3F2F100CD600D38732 /* Build configuration list for PBXNativeTarget "SoloDeveloperTraining-Dev" */ = {
			isa = XCConfigurationList;
			buildConfigurations = (
				2896AE402F100CD600D38732 /* Debug */,
				2896AE412F100CD600D38732 /* Release */,
			);
			defaultConfigurationIsVisible = 0;
			defaultConfigurationName = Release;
		};
		BCFC853F2F31FED800447A9A /* Build configuration list for PBXNativeTarget "SoloDeveloperTrainingTests" */ = {
			isa = XCConfigurationList;
			buildConfigurations = (
				BCFC85402F31FED800447A9A /* Debug */,
				BCFC85412F31FED800447A9A /* Release */,
			);
			defaultConfigurationIsVisible = 0;
			defaultConfigurationName = Release;
		};
/* End XCConfigurationList section */

/* Begin XCLocalSwiftPackageReference section */
		28AC32CC2FDEB4BD00D0126E /* XCLocalSwiftPackageReference "../DUDesignSystem" */ = {
			isa = XCLocalSwiftPackageReference;
			relativePath = ../DUDesignSystem;
		};
/* End XCLocalSwiftPackageReference section */

/* Begin XCRemoteSwiftPackageReference section */
		283B95DB2FA9D44B0033B924 /* XCRemoteSwiftPackageReference "swift-package-manager-google-mobile-ads" */ = {
			isa = XCRemoteSwiftPackageReference;
			repositoryURL = "https://github.com/googleads/swift-package-manager-google-mobile-ads.git";
			requirement = {
				kind = upToNextMajorVersion;
				minimumVersion = 13.3.0;
			};
		};
		28F3C5032FB37EA70077B77A /* XCRemoteSwiftPackageReference "kakao-ios-sdk" */ = {
			isa = XCRemoteSwiftPackageReference;
			repositoryURL = "https://github.com/kakao/kakao-ios-sdk";
			requirement = {
				branch = master;
				kind = branch;
			};
		};
		BC19336D2F8FC7110033A27E /* XCRemoteSwiftPackageReference "firebase-ios-sdk" */ = {
			isa = XCRemoteSwiftPackageReference;
			repositoryURL = "https://github.com/firebase/firebase-ios-sdk";
			requirement = {
				kind = upToNextMajorVersion;
				minimumVersion = 12.12.0;
			};
		};
		BC4C62962FE18C3C00570653 /* XCRemoteSwiftPackageReference "AppsFlyerFramework" */ = {
			isa = XCRemoteSwiftPackageReference;
			repositoryURL = "https://github.com/AppsFlyerSDK/AppsFlyerFramework";
			requirement = {
				kind = upToNextMajorVersion;
				minimumVersion = 7.0.0;
			};
		};
/* End XCRemoteSwiftPackageReference section */

/* Begin XCSwiftPackageProductDependency section */
		088F6A9F2FCAA8A600E14BA2 /* DUDesignSystem */ = {
			isa = XCSwiftPackageProductDependency;
			productName = DUDesignSystem;
		};
		283B980D2FAB24750033B924 /* GoogleMobileAds */ = {
			isa = XCSwiftPackageProductDependency;
			package = 283B95DB2FA9D44B0033B924 /* XCRemoteSwiftPackageReference "swift-package-manager-google-mobile-ads" */;
			productName = GoogleMobileAds;
		};
		283B9A422FAB36020033B924 /* GoogleMobileAds */ = {
			isa = XCSwiftPackageProductDependency;
			package = 283B95DB2FA9D44B0033B924 /* XCRemoteSwiftPackageReference "swift-package-manager-google-mobile-ads" */;
			productName = GoogleMobileAds;
		};
		28AC32C82FDEB29600D0126E /* DUDesignSystem */ = {
			isa = XCSwiftPackageProductDependency;
			productName = DUDesignSystem;
		};
		28AC32CA2FDEB2A600D0126E /* DUDesignSystem */ = {
			isa = XCSwiftPackageProductDependency;
			productName = DUDesignSystem;
		};
		28F3C5062FB37EDA0077B77A /* KakaoSDKShare */ = {
			isa = XCSwiftPackageProductDependency;
			package = 28F3C5032FB37EA70077B77A /* XCRemoteSwiftPackageReference "kakao-ios-sdk" */;
			productName = KakaoSDKShare;
		};
		28F3C7C22FB73B6E0077B77A /* KakaoSDK */ = {
			isa = XCSwiftPackageProductDependency;
			package = 28F3C5032FB37EA70077B77A /* XCRemoteSwiftPackageReference "kakao-ios-sdk" */;
			productName = KakaoSDK;
		};
		28F3C7C42FB73B7B0077B77A /* KakaoSDKShare */ = {
			isa = XCSwiftPackageProductDependency;
			package = 28F3C5032FB37EA70077B77A /* XCRemoteSwiftPackageReference "kakao-ios-sdk" */;
			productName = KakaoSDKShare;
		};
		28F3C7C62FB73B820077B77A /* KakaoSDK */ = {
			isa = XCSwiftPackageProductDependency;
			package = 28F3C5032FB37EA70077B77A /* XCRemoteSwiftPackageReference "kakao-ios-sdk" */;
			productName = KakaoSDK;
		};
		28FB12AF2F9B5EA8004FCBB3 /* FirebaseFirestore */ = {
			isa = XCSwiftPackageProductDependency;
			package = BC19336D2F8FC7110033A27E /* XCRemoteSwiftPackageReference "firebase-ios-sdk" */;
			productName = FirebaseFirestore;
		};
		28FB12B12F9B5EB1004FCBB3 /* FirebaseFirestore */ = {
			isa = XCSwiftPackageProductDependency;
			package = BC19336D2F8FC7110033A27E /* XCRemoteSwiftPackageReference "firebase-ios-sdk" */;
			productName = FirebaseFirestore;
		};
		BC19336E2F8FC7110033A27E /* FirebaseAnalytics */ = {
			isa = XCSwiftPackageProductDependency;
			package = BC19336D2F8FC7110033A27E /* XCRemoteSwiftPackageReference "firebase-ios-sdk" */;
			productName = FirebaseAnalytics;
		};
		BC1933702F8FC7110033A27E /* FirebaseCore */ = {
			isa = XCSwiftPackageProductDependency;
			package = BC19336D2F8FC7110033A27E /* XCRemoteSwiftPackageReference "firebase-ios-sdk" */;
			productName = FirebaseCore;
		};
		BC4C62972FE18C3C00570653 /* AppsFlyerLib */ = {
			isa = XCSwiftPackageProductDependency;
			package = BC4C62962FE18C3C00570653 /* XCRemoteSwiftPackageReference "AppsFlyerFramework" */;
			productName = AppsFlyerLib;
		};
		BCC0EACD2F8FE90700D7A84A /* FirebaseAnalytics */ = {
			isa = XCSwiftPackageProductDependency;
			package = BC19336D2F8FC7110033A27E /* XCRemoteSwiftPackageReference "firebase-ios-sdk" */;
			productName = FirebaseAnalytics;
		};
		BCC0EACF2F8FE90D00D7A84A /* FirebaseCore */ = {
			isa = XCSwiftPackageProductDependency;
			package = BC19336D2F8FC7110033A27E /* XCRemoteSwiftPackageReference "firebase-ios-sdk" */;
			productName = FirebaseCore;
		};
/* End XCSwiftPackageProductDependency section */
	};
	rootObject = 08267F232F0D06BC005A0066 /* Project object */;
}
